
Microsoft Visual Studio Solution File, Format Version 12.00
# Visual Studio Version 17
VisualStudioVersion = 17.14.36623.8
MinimumVisualStudioVersion = 10.0.40219.1
Project("{FAE04EC0-301F-11D3-BF4B-00C04F79EFBC}") = "ChatP2P", "ChatP2P.csproj", "{C1A9E478-56C8-4425-B0BC-4D40AC70CE46}"
EndProject
Global
	GlobalSection(SolutionConfigurationPlatforms) = preSolution
		Debug|Any CPU = Debug|Any CPU
		Release|Any CPU = Release|Any CPU
	EndGlobalSection
	GlobalSection(ProjectConfigurationPlatforms) = postSolution
		{C1A9E478-56C8-4425-B0BC-4D40AC70CE46}.Debug|Any CPU.ActiveCfg = Debug|Any CPU
		{C1A9E478-56C8-4425-B0BC-4D40AC70CE46}.Debug|Any CPU.Build.0 = Debug|Any CPU
		{C1A9E478-56C8-4425-B0BC-4D40AC70CE46}.Release|Any CPU.ActiveCfg = Release|Any CPU
		{C1A9E478-56C8-4425-B0BC-4D40AC70CE46}.Release|Any CPU.Build.0 = Release|Any CPU
	EndGlobalSection
	GlobalSection(SolutionProperties) = preSolution
		HideSolutionNode = FALSE
	EndGlobalSection
	GlobalSection(ExtensibilityGlobals) = postSolution
		SolutionGuid = {9A5DA790-326F-4AF7-A1A9-A79CFE6FB7EC}
	EndGlobalSection
EndGlobal
